// !$*UTF8*$!
{
	archiveVersion = 1;
	classes = {
	};
	objectVersion = 46;
	objects = {

/* Begin PBXBuildFile section */
		84350AA91FD98E7900B010C4 /* AppDelegate.swift in Sources */ = {isa = PBXBuildFile; fileRef = 84350AA81FD98E7900B010C4 /* AppDelegate.swift */; };
		84350AAB1FD98E7900B010C4 /* MainVC.swift in Sources */ = {isa = PBXBuildFile; fileRef = 84350AAA1FD98E7900B010C4 /* MainVC.swift */; };
		84350AAE1FD98E7900B010C4 /* Main.storyboard in Resources */ = {isa = PBXBuildFile; fileRef = 84350AAC1FD98E7900B010C4 /* Main.storyboard */; };
		84350AB11FD98E7900B010C4 /* Clarifi_Face_Detection.xcdatamodeld in Sources */ = {isa = PBXBuildFile; fileRef = 84350AAF1FD98E7900B010C4 /* Clarifi_Face_Detection.xcdatamodeld */; };
		84350AB31FD98E7900B010C4 /* Assets.xcassets in Resources */ = {isa = PBXBuildFile; fileRef = 84350AB21FD98E7900B010C4 /* Assets.xcassets */; };
		84350AB61FD98E7900B010C4 /* LaunchScreen.storyboard in Resources */ = {isa = PBXBuildFile; fileRef = 84350AB41FD98E7900B010C4 /* LaunchScreen.storyboard */; };
		846608501FDAEA0300D7CFD5 /* TagView.swift in Sources */ = {isa = PBXBuildFile; fileRef = 8466084F1FDAEA0300D7CFD5 /* TagView.swift */; };
/* End PBXBuildFile section */

/* Begin PBXFileReference section */
		84350AA51FD98E7900B010C4 /* Clarifi Face Detection.app */ = {isa = PBXFileReference; explicitFileType = wrapper.application; includeInIndex = 0; path = "Clarifi Face Detection.app"; sourceTree = BUILT_PRODUCTS_DIR; };
		84350AA81FD98E7900B010C4 /* AppDelegate.swift */ = {isa = PBXFileReference; lastKnownFileType = sourcecode.swift; path = AppDelegate.swift; sourceTree = "<group>"; };
		84350AAA1FD98E7900B010C4 /* MainVC.swift */ = {isa = PBXFileReference; lastKnownFileType = sourcecode.swift; path = MainVC.swift; sourceTree = "<group>"; };
		84350AAD1FD98E7900B010C4 /* Base */ = {isa = PBXFileReference; lastKnownFileType = file.storyboard; name = Base; path = Base.lproj/Main.storyboard; sourceTree = "<group>"; };
		84350AB01FD98E7900B010C4 /* Clarifi_Face_Detection.xcdatamodel */ = {isa = PBXFileReference; lastKnownFileType = wrapper.xcdatamodel; path = Clarifi_Face_Detection.xcdatamodel; sourceTree = "<group>"; };
		84350AB21FD98E7900B010C4 /* Assets.xcassets */ = {isa = PBXFileReference; lastKnownFileType = folder.assetcatalog; path = Assets.xcassets; sourceTree = "<group>"; };
		84350AB51FD98E7900B010C4 /* Base */ = {isa = PBXFileReference; lastKnownFileType = file.storyboard; name = Base; path = Base.lproj/LaunchScreen.storyboard; sourceTree = "<group>"; };
		84350AB71FD98E7900B010C4 /* Info.plist */ = {isa = PBXFileReference; lastKnownFileType = text.plist.xml; path = Info.plist; sourceTree = "<group>"; };
		8466084F1FDAEA0300D7CFD5 /* TagView.swift */ = {isa = PBXFileReference; fileEncoding = 4; lastKnownFileType = sourcecode.swift; path = TagView.swift; sourceTree = "<group>"; };
/* End PBXFileReference section */

/* Begin PBXFrameworksBuildPhase section */
		84350AA21FD98E7800B010C4 /* Frameworks */ = {
			isa = PBXFrameworksBuildPhase;
			buildActionMask = 2147483647;
			files = (
			);
			runOnlyForDeploymentPostprocessing = 0;
		};
/* End PBXFrameworksBuildPhase section */

/* Begin PBXGroup section */
		84350A9C1FD98E7800B010C4 = {
			isa = PBXGroup;
			children = (
				84350AA71FD98E7900B010C4 /* Clarifi Face Detection */,
				84350AA61FD98E7900B010C4 /* Products */,
			);
			sourceTree = "<group>";
		};
		84350AA61FD98E7900B010C4 /* Products */ = {
			isa = PBXGroup;
			children = (
				84350AA51FD98E7900B010C4 /* Clarifi Face Detection.app */,
			);
			name = Products;
			sourceTree = "<group>";
		};
		84350AA71FD98E7900B010C4 /* Clarifi Face Detection */ = {
			isa = PBXGroup;
			children = (
				84350AC01FD9956C00B010C4 /* SupportFiles */,
				84350ABF1FD9955700B010C4 /* Controller */,
				84350ABE1FD9954500B010C4 /* View */,
				84350ABD1FD9951700B010C4 /* Model */,
				84350AAC1FD98E7900B010C4 /* Main.storyboard */,
				84350AB41FD98E7900B010C4 /* LaunchScreen.storyboard */,
				84350AAF1FD98E7900B010C4 /* Clarifi_Face_Detection.xcdatamodeld */,
			);
			path = "Clarifi Face Detection";
			sourceTree = "<group>";
		};
		84350ABD1FD9951700B010C4 /* Model */ = {
			isa = PBXGroup;
			children = (
			);
			name = Model;
			sourceTree = "<group>";
		};
		84350ABE1FD9954500B010C4 /* View */ = {
			isa = PBXGroup;
			children = (
			);
			name = View;
			sourceTree = "<group>";
		};
		84350ABF1FD9955700B010C4 /* Controller */ = {
			isa = PBXGroup;
			children = (
				84350AAA1FD98E7900B010C4 /* MainVC.swift */,
				8466084F1FDAEA0300D7CFD5 /* TagView.swift */,
			);
			name = Controller;
			sourceTree = "<group>";
		};
		84350AC01FD9956C00B010C4 /* SupportFiles */ = {
			isa = PBXGroup;
			children = (
				84350AA81FD98E7900B010C4 /* AppDelegate.swift */,
				84350AB21FD98E7900B010C4 /* Assets.xcassets */,
				84350AB71FD98E7900B010C4 /* Info.plist */,
			);
			name = SupportFiles;
			sourceTree = "<group>";
		};
/* End PBXGroup section */

/* Begin PBXNativeTarget section */
		84350AA41FD98E7800B010C4 /* Clarifi Face Detection */ = {
			isa = PBXNativeTarget;
			buildConfigurationList = 84350ABA1FD98E7900B010C4 /* Build configuration list for PBXNativeTarget "Clarifi Face Detection" */;
			buildPhases = (
				84350AA11FD98E7800B010C4 /* Sources */,
				84350AA21FD98E7800B010C4 /* Frameworks */,
				84350AA31FD98E7800B010C4 /* Resources */,
			);
			buildRules = (
			);
			dependencies = (
			);
			name = "Clarifi Face Detection";
			productName = "Clarifi Face Detection";
			productReference = 84350AA51FD98E7900B010C4 /* Clarifi Face Detection.app */;
			productType = "com.apple.product-type.application";
		};
/* End PBXNativeTarget section */

/* Begin PBXProject section */
		84350A9D1FD98E7800B010C4 /* Project object */ = {
			isa = PBXProject;
			attributes = {
				LastSwiftUpdateCheck = 0820;
				LastUpgradeCheck = 0820;
				ORGANIZATIONNAME = Admin;
				TargetAttributes = {
					84350AA41FD98E7800B010C4 = {
						CreatedOnToolsVersion = 8.2.1;
						ProvisioningStyle = Automatic;
					};
				};
			};
			buildConfigurationList = 84350AA01FD98E7800B010C4 /* Build configuration list for PBXProject "Clarifi Face Detection" */;
			compatibilityVersion = "Xcode 3.2";
			developmentRegion = English;
			hasScannedForEncodings = 0;
			knownRegions = (
				en,
				Base,
			);
			mainGroup = 84350A9C1FD98E7800B010C4;
			productRefGroup = 84350AA61FD98E7900B010C4 /* Products */;
			projectDirPath = "";
			projectRoot = "";
			targets = (
				84350AA41FD98E7800B010C4 /* Clarifi Face Detection */,
			);
		};
/* End PBXProject section */

/* Begin PBXResourcesBuildPhase section */
		84350AA31FD98E7800B010C4 /* Resources */ = {
			isa = PBXResourcesBuildPhase;
			buildActionMask = 2147483647;
			files = (
				84350AB61FD98E7900B010C4 /* LaunchScreen.storyboard in Resources */,
				84350AB31FD98E7900B010C4 /* Assets.xcassets in Resources */,
				84350AAE1FD98E7900B010C4 /* Main.storyboard in Resources */,
			);
			runOnlyForDeploymentPostprocessing = 0;
		};
/* End PBXResourcesBuildPhase section */

/* Begin PBXSourcesBuildPhase section */
		84350AA11FD98E7800B010C4 /* Sources */ = {
			isa = PBXSourcesBuildPhase;
			buildActionMask = 2147483647;
			files = (
				84350AAB1FD98E7900B010C4 /* MainVC.swift in Sources */,
				84350AA91FD98E7900B010C4 /* AppDelegate.swift in Sources */,
				84350AB11FD98E7900B010C4 /* Clarifi_Face_Detection.xcdatamodeld in Sources */,
				846608501FDAEA0300D7CFD5 /* TagView.swift in Sources */,
			);
			runOnlyForDeploymentPostprocessing = 0;
		};
/* End PBXSourcesBuildPhase section */

/* Begin PBXVariantGroup section */
		84350AAC1FD98E7900B010C4 /* Main.storyboard */ = {
			isa = PBXVariantGroup;
			children = (
				84350AAD1FD98E7900B010C4 /* Base */,
			);
			name = Main.storyboard;
			sourceTree = "<group>";
		};
		84350AB41FD98E7900B010C4 /* LaunchScreen.storyboard */ = {
			isa = PBXVariantGroup;
			children = (
				84350AB51FD98E7900B010C4 /* Base */,
			);
			name = LaunchScreen.storyboard;
			sourceTree = "<group>";
		};
/* End PBXVariantGroup section */

/* Begin XCBuildConfiguration section */
		84350AB81FD98E7900B010C4 /* Debug */ = {
			isa = XCBuildConfiguration;
			buildSettings = {
				ALWAYS_SEARCH_USER_PATHS = NO;
				CLANG_ANALYZER_NONNULL = YES;
				CLANG_CXX_LANGUAGE_STANDARD = "gnu++0x";
				CLANG_CXX_LIBRARY = "libc++";
				CLANG_ENABLE_MODULES = YES;
				CLANG_ENABLE_OBJC_ARC = YES;
				CLANG_WARN_BOOL_CONVERSION = YES;
				CLANG_WARN_CONSTANT_CONVERSION = YES;
				CLANG_WARN_DIRECT_OBJC_ISA_USAGE = YES_ERROR;
				CLANG_WARN_DOCUMENTATION_COMMENTS = YES;
				CLANG_WARN_EMPTY_BODY = YES;
				CLANG_WARN_ENUM_CONVERSION = YES;
				CLANG_WARN_INFINITE_RECURSION = YES;
				CLANG_WARN_INT_CONVERSION = YES;
				CLANG_WARN_OBJC_ROOT_CLASS = YES_ERROR;
				CLANG_WARN_SUSPICIOUS_MOVE = YES;
				CLANG_WARN_UNREACHABLE_CODE = YES;
				CLANG_WARN__DUPLICATE_METHOD_MATCH = YES;
				"CODE_SIGN_IDENTITY[sdk=iphoneos*]" = "iPhone Developer";
				COPY_PHASE_STRIP = NO;
				DEBUG_INFORMATION_FORMAT = dwarf;
				ENABLE_STRICT_OBJC_MSGSEND = YES;
				ENABLE_TESTABILITY = YES;
				GCC_C_LANGUAGE_STANDARD = gnu99;
				GCC_DYNAMIC_NO_PIC = NO;
				GCC_NO_COMMON_BLOCKS = YES;
				GCC_OPTIMIZATION_LEVEL = 0;
				GCC_PREPROCESSOR_DEFINITIONS = (
					"DEBUG=1",
					"$(inherited)",
				);
				GCC_WARN_64_TO_32_BIT_CONVERSION = YES;
				GCC_WARN_ABOUT_RETURN_TYPE = YES_ERROR;
				GCC_WARN_UNDECLARED_SELECTOR = YES;
				GCC_WARN_UNINITIALIZED_AUTOS = YES_AGGRESSIVE;
				GCC_WARN_UNUSED_FUNCTION = YES;
				GCC_WARN_UNUSED_VARIABLE = YES;
				IPHONEOS_DEPLOYMENT_TARGET = 10.2;
				MTL_ENABLE_DEBUG_INFO = YES;
				ONLY_ACTIVE_ARCH = YES;
				SDKROOT = iphoneos;
				SWIFT_ACTIVE_COMPILATION_CONDITIONS = DEBUG;
				SWIFT_OPTIMIZATION_LEVEL = "-Onone";
			};
			name = Debug;
		};
		84350AB91FD98E7900B010C4 /* Release */ = {
			isa = XCBuildConfiguration;
			buildSettings = {
				ALWAYS_SEARCH_USER_PATHS = NO;
				CLANG_ANALYZER_NONNULL = YES;
				CLANG_CXX_LANGUAGE_STANDARD = "gnu++0x";
				CLANG_CXX_LIBRARY = "libc++";
				CLANG_ENABLE_MODULES = YES;
				CLANG_ENABLE_OBJC_ARC = YES;
				CLANG_WARN_BOOL_CONVERSION = YES;
				CLANG_WARN_CONSTANT_CONVERSION = YES;
				CLANG_WARN_DIRECT_OBJC_ISA_USAGE = YES_ERROR;
				CLANG_WARN_DOCUMENTATION_COMMENTS = YES;
				CLANG_WARN_EMPTY_BODY = YES;
				CLANG_WARN_ENUM_CONVERSION = YES;
				CLANG_WARN_INFINITE_RECURSION = YES;
				CLANG_WARN_INT_CONVERSION = YES;
				CLANG_WARN_OBJC_ROOT_CLASS = YES_ERROR;
				CLANG_WARN_SUSPICIOUS_MOVE = YES;
				CLANG_WARN_UNREACHABLE_CODE = YES;
				CLANG_WARN__DUPLICATE_METHOD_MATCH = YES;
				"CODE_SIGN_IDENTITY[sdk=iphoneos*]" = "iPhone Developer";
				COPY_PHASE_STRIP = NO;
				DEBUG_INFORMATION_FORMAT = "dwarf-with-dsym";
				ENABLE_NS_ASSERTIONS = NO;
				ENABLE_STRICT_OBJC_MSGSEND = YES;
				GCC_C_LANGUAGE_STANDARD = gnu99;
				GCC_NO_COMMON_BLOCKS = YES;
				GCC_WARN_64_TO_32_BIT_CONVERSION = YES;
				GCC_WARN_ABOUT_RETURN_TYPE = YES_ERROR;
				GCC_WARN_UNDECLARED_SELECTOR = YES;
				GCC_WARN_UNINITIALIZED_AUTOS = YES_AGGRESSIVE;
				GCC_WARN_UNUSED_FUNCTION = YES;
				GCC_WARN_UNUSED_VARIABLE = YES;
				IPHONEOS_DEPLOYMENT_TARGET = 10.2;
				MTL_ENABLE_DEBUG_INFO = NO;
				SDKROOT = iphoneos;
				SWIFT_OPTIMIZATION_LEVEL = "-Owholemodule";
				VALIDATE_PRODUCT = YES;
			};
			name = Release;
		};
		84350ABB1FD98E7900B010C4 /* Debug */ = {
			isa = XCBuildConfiguration;
			buildSettings = {
				ASSETCATALOG_COMPILER_APPICON_NAME = AppIcon;
				INFOPLIST_FILE = "Clarifi Face Detection/Info.plist";
				LD_RUNPATH_SEARCH_PATHS = "$(inherited) @executable_path/Frameworks";
				PRODUCT_BUNDLE_IDENTIFIER = "example.Clarifi-Face-Detection";
				PRODUCT_NAME = "$(TARGET_NAME)";
				SWIFT_VERSION = 3.0;
			};
			name = Debug;
		};
		84350ABC1FD98E7900B010C4 /* Release */ = {
			isa = XCBuildConfiguration;
			buildSettings = {
				ASSETCATALOG_COMPILER_APPICON_NAME = AppIcon;
				INFOPLIST_FILE = "Clarifi Face Detection/Info.plist";
				LD_RUNPATH_SEARCH_PATHS = "$(inherited) @executable_path/Frameworks";
				PRODUCT_BUNDLE_IDENTIFIER = "example.Clarifi-Face-Detection";
				PRODUCT_NAME = "$(TARGET_NAME)";
				SWIFT_VERSION = 3.0;
			};
			name = Release;
		};
/* End XCBuildConfiguration section */

/* Begin XCConfigurationList section */
		84350AA01FD98E7800B010C4 /* Build configuration list for PBXProject "Clarifi Face Detection" */ = {
			isa = XCConfigurationList;
			buildConfigurations = (
				84350AB81FD98E7900B010C4 /* Debug */,
				84350AB91FD98E7900B010C4 /* Release */,
			);
			defaultConfigurationIsVisible = 0;
			defaultConfigurationName = Release;
		};
		84350ABA1FD98E7900B010C4 /* Build configuration list for PBXNativeTarget "Clarifi Face Detection" */ = {
			isa = XCConfigurationList;
			buildConfigurations = (
				84350ABB1FD98E7900B010C4 /* Debug */,
				84350ABC1FD98E7900B010C4 /* Release */,
			);
			defaultConfigurationIsVisible = 0;
			defaultConfigurationName = Release;
		};
/* End XCConfigurationList section */

/* Begin XCVersionGroup section */
		84350AAF1FD98E7900B010C4 /* Clarifi_Face_Detection.xcdatamodeld */ = {
			isa = XCVersionGroup;
			children = (
				84350AB01FD98E7900B010C4 /* Clarifi_Face_Detection.xcdatamodel */,
			);
			currentVersion = 84350AB01FD98E7900B010C4 /* Clarifi_Face_Detection.xcdatamodel */;
			path = Clarifi_Face_Detection.xcdatamodeld;
			sourceTree = "<group>";
			versionGroupType = wrapper.xcdatamodel;
		};
/* End XCVersionGroup section */
	};
	rootObject = 84350A9D1FD98E7800B010C4 /* Project object */;
}
